github.com/libdns/libdns v1.1.0 h1:9ze/tWvt7Df6sbhOJRB8jT33GHEHpEQXdtkE3hPthbU=
github.com/libdns/libdns v1.1.0/go.mod h1:4Bj9+5CQiNMVGf87wjX4CY3HQJypUHRuLvlsfsZqLWQ=
golang.org/x/text v0.27.0 h1:4fGWRpyh641NLlecmyl4LOe6yDdfaYNrGb2zdfo4JV4=
golang.org/x/text v0.27.0/go.mod h1:1D28KMCvyooCX9hBiosv5Tz/+YLxj0j7XhWjpSUF7CU=
