github.com/libdns/libdns v1.1.0 h1:9ze/tWvt7Df6sbhOJRB8jT33GHEHpEQXdtkE3hPthbU=
github.com/libdns/libdns v1.1.0/go.mod h1:4Bj9+5CQiNMVGf87wjX4CY3HQJypUHRuLvlsfsZqLWQ=
golang.org/x/text v0.28.0 h1:rhazDwis8INMIwQ4tpjLDzUhx6RlXqZNPEM0huQojng=
golang.org/x/text v0.28.0/go.mod h1:U8nCwOR8jO/marOQ0QbDiOngZVEBB7MAiitBuMjXiNU=
