github.com/libdns/libdns v1.0.0 h1:IvYaz07JNz6jUQ4h/fv2R4sVnRnm77J/aOuC9B+TQTA=
github.com/libdns/libdns v1.0.0/go.mod h1:4Bj9+5CQiNMVGf87wjX4CY3HQJypUHRuLvlsfsZqLWQ=
golang.org/x/text v0.24.0 h1:dd5Bzh4yt5KYA8f9CJHCP4FB4D51c2c6JvN37xJJkJ0=
golang.org/x/text v0.24.0/go.mod h1:L8rBsPeo2pSS+xqN0d5u2ikmjtmoJbDBT1b7nHvFCdU=
